
Microsoft Visual Studio Solution File, Format Version 12.00
# Visual Studio 15
VisualStudioVersion = 15.0.27130.2010
MinimumVisualStudioVersion = 10.0.40219.1
Project("{FAE04EC0-301F-11D3-BF4B-00C04F79EFBC}") = "OnTimeExam", "OnTimeExam\OnTimeExam.csproj", "{A4AF7367-F91F-441F-A038-81DB2060A455}"
EndProject
Project("{FAE04EC0-301F-11D3-BF4B-00C04F79EFBC}") = "Trip", "Trip\Trip.csproj", "{5246EF76-B715-4F7D-9F82-1A6696604398}"
EndProject
Project("{FAE04EC0-301F-11D3-BF4B-00C04F79EFBC}") = "Operations", "Operations\Operations.csproj", "{B69F0E12-2167-4496-8865-C61B5682A9D8}"
EndProject
Project("{FAE04EC0-301F-11D3-BF4B-00C04F79EFBC}") = "MatchTickets", "MatchTickets\MatchTickets.csproj", "{BB84B6A5-7365-4EE1-8443-C6569C65E9D9}"
EndProject
Project("{FAE04EC0-301F-11D3-BF4B-00C04F79EFBC}") = "HotelRoom", "HotelRoom\HotelRoom.csproj", "{31D40942-F8AE-4961-AC53-D35EB0747A4D}"
EndProject
Project("{FAE04EC0-301F-11D3-BF4B-00C04F79EFBC}") = "FruitJuce", "FruitJuce\FruitJuce.csproj", "{6C3EE1B3-9E21-46E7-96A9-CAB99F696F2C}"
EndProject
Project("{FAE04EC0-301F-11D3-BF4B-00C04F79EFBC}") = "MoneyPrise", "MoneyPrise\MoneyPrise.csproj", "{0FE94134-A228-4F74-A33B-1CF03BDBD661}"
EndProject
Project("{FAE04EC0-301F-11D3-BF4B-00C04F79EFBC}") = "Triangle", "Triangle\Triangle.csproj", "{B3EEF10A-4F0B-4CF6-8B68-5BABC651197C}"
EndProject
Project("{FAE04EC0-301F-11D3-BF4B-00C04F79EFBC}") = "SumOrMultiple", "SumOrMultiple\SumOrMultiple.csproj", "{987225B4-8006-4DA3-A7A8-3FD28900BCBA}"
EndProject
Project("{FAE04EC0-301F-11D3-BF4B-00C04F79EFBC}") = "FinalCompetition", "FinalCompetition\FinalCompetition.csproj", "{FDD94251-5655-41CA-85D9-98EED1972BA8}"
EndProject
Project("{FAE04EC0-301F-11D3-BF4B-00C04F79EFBC}") = "SchoolCamp", "SchoolCamp\SchoolCamp.csproj", "{DC46B3A5-2B12-4AA4-B66F-765ACD2D2EE7}"
EndProject
Global
	GlobalSection(SolutionConfigurationPlatforms) = preSolution
		Debug|Any CPU = Debug|Any CPU
		Release|Any CPU = Release|Any CPU
	EndGlobalSection
	GlobalSection(ProjectConfigurationPlatforms) = postSolution
		{A4AF7367-F91F-441F-A038-81DB2060A455}.Debug|Any CPU.ActiveCfg = Debug|Any CPU
		{A4AF7367-F91F-441F-A038-81DB2060A455}.Debug|Any CPU.Build.0 = Debug|Any CPU
		{A4AF7367-F91F-441F-A038-81DB2060A455}.Release|Any CPU.ActiveCfg = Release|Any CPU
		{A4AF7367-F91F-441F-A038-81DB2060A455}.Release|Any CPU.Build.0 = Release|Any CPU
		{5246EF76-B715-4F7D-9F82-1A6696604398}.Debug|Any CPU.ActiveCfg = Debug|Any CPU
		{5246EF76-B715-4F7D-9F82-1A6696604398}.Debug|Any CPU.Build.0 = Debug|Any CPU
		{5246EF76-B715-4F7D-9F82-1A6696604398}.Release|Any CPU.ActiveCfg = Release|Any CPU
		{5246EF76-B715-4F7D-9F82-1A6696604398}.Release|Any CPU.Build.0 = Release|Any CPU
		{B69F0E12-2167-4496-8865-C61B5682A9D8}.Debug|Any CPU.ActiveCfg = Debug|Any CPU
		{B69F0E12-2167-4496-8865-C61B5682A9D8}.Debug|Any CPU.Build.0 = Debug|Any CPU
		{B69F0E12-2167-4496-8865-C61B5682A9D8}.Release|Any CPU.ActiveCfg = Release|Any CPU
		{B69F0E12-2167-4496-8865-C61B5682A9D8}.Release|Any CPU.Build.0 = Release|Any CPU
		{BB84B6A5-7365-4EE1-8443-C6569C65E9D9}.Debug|Any CPU.ActiveCfg = Debug|Any CPU
		{BB84B6A5-7365-4EE1-8443-C6569C65E9D9}.Debug|Any CPU.Build.0 = Debug|Any CPU
		{BB84B6A5-7365-4EE1-8443-C6569C65E9D9}.Release|Any CPU.ActiveCfg = Release|Any CPU
		{BB84B6A5-7365-4EE1-8443-C6569C65E9D9}.Release|Any CPU.Build.0 = Release|Any CPU
		{31D40942-F8AE-4961-AC53-D35EB0747A4D}.Debug|Any CPU.ActiveCfg = Debug|Any CPU
		{31D40942-F8AE-4961-AC53-D35EB0747A4D}.Debug|Any CPU.Build.0 = Debug|Any CPU
		{31D40942-F8AE-4961-AC53-D35EB0747A4D}.Release|Any CPU.ActiveCfg = Release|Any CPU
		{31D40942-F8AE-4961-AC53-D35EB0747A4D}.Release|Any CPU.Build.0 = Release|Any CPU
		{6C3EE1B3-9E21-46E7-96A9-CAB99F696F2C}.Debug|Any CPU.ActiveCfg = Debug|Any CPU
		{6C3EE1B3-9E21-46E7-96A9-CAB99F696F2C}.Debug|Any CPU.Build.0 = Debug|Any CPU
		{6C3EE1B3-9E21-46E7-96A9-CAB99F696F2C}.Release|Any CPU.ActiveCfg = Release|Any CPU
		{6C3EE1B3-9E21-46E7-96A9-CAB99F696F2C}.Release|Any CPU.Build.0 = Release|Any CPU
		{0FE94134-A228-4F74-A33B-1CF03BDBD661}.Debug|Any CPU.ActiveCfg = Debug|Any CPU
		{0FE94134-A228-4F74-A33B-1CF03BDBD661}.Debug|Any CPU.Build.0 = Debug|Any CPU
		{0FE94134-A228-4F74-A33B-1CF03BDBD661}.Release|Any CPU.ActiveCfg = Release|Any CPU
		{0FE94134-A228-4F74-A33B-1CF03BDBD661}.Release|Any CPU.Build.0 = Release|Any CPU
		{B3EEF10A-4F0B-4CF6-8B68-5BABC651197C}.Debug|Any CPU.ActiveCfg = Debug|Any CPU
		{B3EEF10A-4F0B-4CF6-8B68-5BABC651197C}.Debug|Any CPU.Build.0 = Debug|Any CPU
		{B3EEF10A-4F0B-4CF6-8B68-5BABC651197C}.Release|Any CPU.ActiveCfg = Release|Any CPU
		{B3EEF10A-4F0B-4CF6-8B68-5BABC651197C}.Release|Any CPU.Build.0 = Release|Any CPU
		{987225B4-8006-4DA3-A7A8-3FD28900BCBA}.Debug|Any CPU.ActiveCfg = Debug|Any CPU
		{987225B4-8006-4DA3-A7A8-3FD28900BCBA}.Debug|Any CPU.Build.0 = Debug|Any CPU
		{987225B4-8006-4DA3-A7A8-3FD28900BCBA}.Release|Any CPU.ActiveCfg = Release|Any CPU
		{987225B4-8006-4DA3-A7A8-3FD28900BCBA}.Release|Any CPU.Build.0 = Release|Any CPU
		{FDD94251-5655-41CA-85D9-98EED1972BA8}.Debug|Any CPU.ActiveCfg = Debug|Any CPU
		{FDD94251-5655-41CA-85D9-98EED1972BA8}.Debug|Any CPU.Build.0 = Debug|Any CPU
		{FDD94251-5655-41CA-85D9-98EED1972BA8}.Release|Any CPU.ActiveCfg = Release|Any CPU
		{FDD94251-5655-41CA-85D9-98EED1972BA8}.Release|Any CPU.Build.0 = Release|Any CPU
		{DC46B3A5-2B12-4AA4-B66F-765ACD2D2EE7}.Debug|Any CPU.ActiveCfg = Debug|Any CPU
		{DC46B3A5-2B12-4AA4-B66F-765ACD2D2EE7}.Debug|Any CPU.Build.0 = Debug|Any CPU
		{DC46B3A5-2B12-4AA4-B66F-765ACD2D2EE7}.Release|Any CPU.ActiveCfg = Release|Any CPU
		{DC46B3A5-2B12-4AA4-B66F-765ACD2D2EE7}.Release|Any CPU.Build.0 = Release|Any CPU
	EndGlobalSection
	GlobalSection(SolutionProperties) = preSolution
		HideSolutionNode = FALSE
	EndGlobalSection
	GlobalSection(ExtensibilityGlobals) = postSolution
		SolutionGuid = {D196DC33-8290-4FB5-B388-824F58536726}
	EndGlobalSection
EndGlobal
