
Microsoft Visual Studio Solution File, Format Version 12.00
# Visual Studio 15
VisualStudioVersion = 15.0.27004.2010
MinimumVisualStudioVersion = 10.0.40219.1
Project("{FAE04EC0-301F-11D3-BF4B-00C04F79EFBC}") = "FaceTriangle", "FaceTriangle\FaceTriangle.csproj", "{D63331B2-6C85-450F-BA5B-5E52BBC016F3}"
EndProject
Global
	GlobalSection(SolutionConfigurationPlatforms) = preSolution
		Debug|Any CPU = Debug|Any CPU
		Release|Any CPU = Release|Any CPU
	EndGlobalSection
	GlobalSection(ProjectConfigurationPlatforms) = postSolution
		{D63331B2-6C85-450F-BA5B-5E52BBC016F3}.Debug|Any CPU.ActiveCfg = Debug|Any CPU
		{D63331B2-6C85-450F-BA5B-5E52BBC016F3}.Debug|Any CPU.Build.0 = Debug|Any CPU
		{D63331B2-6C85-450F-BA5B-5E52BBC016F3}.Release|Any CPU.ActiveCfg = Release|Any CPU
		{D63331B2-6C85-450F-BA5B-5E52BBC016F3}.Release|Any CPU.Build.0 = Release|Any CPU
	EndGlobalSection
	GlobalSection(SolutionProperties) = preSolution
		HideSolutionNode = FALSE
	EndGlobalSection
	GlobalSection(ExtensibilityGlobals) = postSolution
		SolutionGuid = {561742FC-DEB2-4D83-91D9-DC78F9013215}
	EndGlobalSection
EndGlobal
