
Microsoft Visual Studio Solution File, Format Version 12.00
# Visual Studio 15
VisualStudioVersion = 15.0.27130.2010
MinimumVisualStudioVersion = 10.0.40219.1
Project("{FAE04EC0-301F-11D3-BF4B-00C04F79EFBC}") = "EmployeeData", "EmployeeData\EmployeeData.csproj", "{4364BF24-0412-4C6B-9CCB-EA6B5765358B}"
EndProject
Project("{FAE04EC0-301F-11D3-BF4B-00C04F79EFBC}") = "DebitCardNumber", "DebitCardNumber\DebitCardNumber.csproj", "{1BA04F59-AF5F-4DD9-A194-CB84F3B32045}"
EndProject
Project("{FAE04EC0-301F-11D3-BF4B-00C04F79EFBC}") = "RectangleArea", "RectangleArea\RectangleArea.csproj", "{069A037B-E66D-4D14-8584-9A787B7F70BB}"
EndProject
Project("{FAE04EC0-301F-11D3-BF4B-00C04F79EFBC}") = "MilesKilometers", "MilesKilometers\MilesKilometers.csproj", "{E6654EFA-ED1F-49F0-B854-47001AAA0446}"
EndProject
Project("{FAE04EC0-301F-11D3-BF4B-00C04F79EFBC}") = "BeverageLabels", "BeverageLabels\BeverageLabels.csproj", "{88E716EF-7B8A-473D-B918-0FDE195CDF8A}"
EndProject
Project("{FAE04EC0-301F-11D3-BF4B-00C04F79EFBC}") = "CharacterStats", "CharacterStats\CharacterStats.csproj", "{8B3FDC8F-8C0C-461B-9AAF-C7B8B8E5ABE7}"
EndProject
Project("{FAE04EC0-301F-11D3-BF4B-00C04F79EFBC}") = "Back30Minutes", "Back30Minutes\Back30Minutes.csproj", "{5E4263D9-0ABE-4AC7-833D-818677F789BB}"
EndProject
Project("{FAE04EC0-301F-11D3-BF4B-00C04F79EFBC}") = "MonthPrinter", "MonthPrinter\MonthPrinter.csproj", "{E248B33E-6DC9-4DB4-8C2C-299E1A059F2D}"
EndProject
Project("{FAE04EC0-301F-11D3-BF4B-00C04F79EFBC}") = "TheatrePromotions", "TheatrePromotions\TheatrePromotions.csproj", "{099F5F33-7C09-4E9C-B03F-B15A08D00FE1}"
EndProject
Project("{FAE04EC0-301F-11D3-BF4B-00C04F79EFBC}") = "SumOddNumbers", "SumOddNumbers\SumOddNumbers.csproj", "{63F1C559-5726-4D60-AF16-8D0437BC021D}"
EndProject
Global
	GlobalSection(SolutionConfigurationPlatforms) = preSolution
		Debug|Any CPU = Debug|Any CPU
		Release|Any CPU = Release|Any CPU
	EndGlobalSection
	GlobalSection(ProjectConfigurationPlatforms) = postSolution
		{4364BF24-0412-4C6B-9CCB-EA6B5765358B}.Debug|Any CPU.ActiveCfg = Debug|Any CPU
		{4364BF24-0412-4C6B-9CCB-EA6B5765358B}.Debug|Any CPU.Build.0 = Debug|Any CPU
		{4364BF24-0412-4C6B-9CCB-EA6B5765358B}.Release|Any CPU.ActiveCfg = Release|Any CPU
		{4364BF24-0412-4C6B-9CCB-EA6B5765358B}.Release|Any CPU.Build.0 = Release|Any CPU
		{1BA04F59-AF5F-4DD9-A194-CB84F3B32045}.Debug|Any CPU.ActiveCfg = Debug|Any CPU
		{1BA04F59-AF5F-4DD9-A194-CB84F3B32045}.Debug|Any CPU.Build.0 = Debug|Any CPU
		{1BA04F59-AF5F-4DD9-A194-CB84F3B32045}.Release|Any CPU.ActiveCfg = Release|Any CPU
		{1BA04F59-AF5F-4DD9-A194-CB84F3B32045}.Release|Any CPU.Build.0 = Release|Any CPU
		{069A037B-E66D-4D14-8584-9A787B7F70BB}.Debug|Any CPU.ActiveCfg = Debug|Any CPU
		{069A037B-E66D-4D14-8584-9A787B7F70BB}.Debug|Any CPU.Build.0 = Debug|Any CPU
		{069A037B-E66D-4D14-8584-9A787B7F70BB}.Release|Any CPU.ActiveCfg = Release|Any CPU
		{069A037B-E66D-4D14-8584-9A787B7F70BB}.Release|Any CPU.Build.0 = Release|Any CPU
		{E6654EFA-ED1F-49F0-B854-47001AAA0446}.Debug|Any CPU.ActiveCfg = Debug|Any CPU
		{E6654EFA-ED1F-49F0-B854-47001AAA0446}.Debug|Any CPU.Build.0 = Debug|Any CPU
		{E6654EFA-ED1F-49F0-B854-47001AAA0446}.Release|Any CPU.ActiveCfg = Release|Any CPU
		{E6654EFA-ED1F-49F0-B854-47001AAA0446}.Release|Any CPU.Build.0 = Release|Any CPU
		{88E716EF-7B8A-473D-B918-0FDE195CDF8A}.Debug|Any CPU.ActiveCfg = Debug|Any CPU
		{88E716EF-7B8A-473D-B918-0FDE195CDF8A}.Debug|Any CPU.Build.0 = Debug|Any CPU
		{88E716EF-7B8A-473D-B918-0FDE195CDF8A}.Release|Any CPU.ActiveCfg = Release|Any CPU
		{88E716EF-7B8A-473D-B918-0FDE195CDF8A}.Release|Any CPU.Build.0 = Release|Any CPU
		{8B3FDC8F-8C0C-461B-9AAF-C7B8B8E5ABE7}.Debug|Any CPU.ActiveCfg = Debug|Any CPU
		{8B3FDC8F-8C0C-461B-9AAF-C7B8B8E5ABE7}.Debug|Any CPU.Build.0 = Debug|Any CPU
		{8B3FDC8F-8C0C-461B-9AAF-C7B8B8E5ABE7}.Release|Any CPU.ActiveCfg = Release|Any CPU
		{8B3FDC8F-8C0C-461B-9AAF-C7B8B8E5ABE7}.Release|Any CPU.Build.0 = Release|Any CPU
		{5E4263D9-0ABE-4AC7-833D-818677F789BB}.Debug|Any CPU.ActiveCfg = Debug|Any CPU
		{5E4263D9-0ABE-4AC7-833D-818677F789BB}.Debug|Any CPU.Build.0 = Debug|Any CPU
		{5E4263D9-0ABE-4AC7-833D-818677F789BB}.Release|Any CPU.ActiveCfg = Release|Any CPU
		{5E4263D9-0ABE-4AC7-833D-818677F789BB}.Release|Any CPU.Build.0 = Release|Any CPU
		{E248B33E-6DC9-4DB4-8C2C-299E1A059F2D}.Debug|Any CPU.ActiveCfg = Debug|Any CPU
		{E248B33E-6DC9-4DB4-8C2C-299E1A059F2D}.Debug|Any CPU.Build.0 = Debug|Any CPU
		{E248B33E-6DC9-4DB4-8C2C-299E1A059F2D}.Release|Any CPU.ActiveCfg = Release|Any CPU
		{E248B33E-6DC9-4DB4-8C2C-299E1A059F2D}.Release|Any CPU.Build.0 = Release|Any CPU
		{099F5F33-7C09-4E9C-B03F-B15A08D00FE1}.Debug|Any CPU.ActiveCfg = Debug|Any CPU
		{099F5F33-7C09-4E9C-B03F-B15A08D00FE1}.Debug|Any CPU.Build.0 = Debug|Any CPU
		{099F5F33-7C09-4E9C-B03F-B15A08D00FE1}.Release|Any CPU.ActiveCfg = Release|Any CPU
		{099F5F33-7C09-4E9C-B03F-B15A08D00FE1}.Release|Any CPU.Build.0 = Release|Any CPU
		{63F1C559-5726-4D60-AF16-8D0437BC021D}.Debug|Any CPU.ActiveCfg = Debug|Any CPU
		{63F1C559-5726-4D60-AF16-8D0437BC021D}.Debug|Any CPU.Build.0 = Debug|Any CPU
		{63F1C559-5726-4D60-AF16-8D0437BC021D}.Release|Any CPU.ActiveCfg = Release|Any CPU
		{63F1C559-5726-4D60-AF16-8D0437BC021D}.Release|Any CPU.Build.0 = Release|Any CPU
	EndGlobalSection
	GlobalSection(SolutionProperties) = preSolution
		HideSolutionNode = FALSE
	EndGlobalSection
	GlobalSection(ExtensibilityGlobals) = postSolution
		SolutionGuid = {3962F2A1-BBC4-4C47-9443-95C8B923953C}
	EndGlobalSection
EndGlobal
